
Microsoft Visual Studio Solution File, Format Version 12.00
Project("{FAE04EC0-301F-11D3-BF4B-00C04F79EFBC}") = "Interfaces", "Interfaces\Interfaces.csproj", "{B95E574C-BF29-46D0-9A6D-231EBC820A19}"
EndProject
Global
	GlobalSection(SolutionConfigurationPlatforms) = preSolution
		Debug|Any CPU = Debug|Any CPU
		Release|Any CPU = Release|Any CPU
	EndGlobalSection
	GlobalSection(ProjectConfigurationPlatforms) = postSolution
		{B95E574C-BF29-46D0-9A6D-231EBC820A19}.Debug|Any CPU.ActiveCfg = Debug|Any CPU
		{B95E574C-BF29-46D0-9A6D-231EBC820A19}.Debug|Any CPU.Build.0 = Debug|Any CPU
		{B95E574C-BF29-46D0-9A6D-231EBC820A19}.Release|Any CPU.ActiveCfg = Release|Any CPU
		{B95E574C-BF29-46D0-9A6D-231EBC820A19}.Release|Any CPU.Build.0 = Release|Any CPU
	EndGlobalSection
EndGlobal
