
Microsoft Visual Studio Solution File, Format Version 12.00
Project("{FAE04EC0-301F-11D3-BF4B-00C04F79EFBC}") = "BattleBoss_Locked_Door_with_tests", "BattleBoss_Locked_Door_with_tests\BattleBoss_Locked_Door_with_tests.csproj", "{A6A49C76-1CDF-49C5-98AA-D3B37A841037}"
EndProject
Global
	GlobalSection(SolutionConfigurationPlatforms) = preSolution
		Debug|Any CPU = Debug|Any CPU
		Release|Any CPU = Release|Any CPU
	EndGlobalSection
	GlobalSection(ProjectConfigurationPlatforms) = postSolution
		{A6A49C76-1CDF-49C5-98AA-D3B37A841037}.Debug|Any CPU.ActiveCfg = Debug|Any CPU
		{A6A49C76-1CDF-49C5-98AA-D3B37A841037}.Debug|Any CPU.Build.0 = Debug|Any CPU
		{A6A49C76-1CDF-49C5-98AA-D3B37A841037}.Release|Any CPU.ActiveCfg = Release|Any CPU
		{A6A49C76-1CDF-49C5-98AA-D3B37A841037}.Release|Any CPU.Build.0 = Release|Any CPU
	EndGlobalSection
EndGlobal
