
Microsoft Visual Studio Solution File, Format Version 12.00
Project("{FAE04EC0-301F-11D3-BF4B-00C04F79EFBC}") = "hangman", "hangman\hangman.csproj", "{380F9538-CC70-45E8-8291-AA8304AAE2DD}"
EndProject
Global
	GlobalSection(SolutionConfigurationPlatforms) = preSolution
		Debug|Any CPU = Debug|Any CPU
		Release|Any CPU = Release|Any CPU
	EndGlobalSection
	GlobalSection(ProjectConfigurationPlatforms) = postSolution
		{380F9538-CC70-45E8-8291-AA8304AAE2DD}.Debug|Any CPU.ActiveCfg = Debug|Any CPU
		{380F9538-CC70-45E8-8291-AA8304AAE2DD}.Debug|Any CPU.Build.0 = Debug|Any CPU
		{380F9538-CC70-45E8-8291-AA8304AAE2DD}.Release|Any CPU.ActiveCfg = Release|Any CPU
		{380F9538-CC70-45E8-8291-AA8304AAE2DD}.Release|Any CPU.Build.0 = Release|Any CPU
	EndGlobalSection
EndGlobal
